# This file was autogenerated by Stack.
# You should not edit this file by hand.
# For more information, please see the documentation at:
#   https://docs.haskellstack.org/en/stable/lock_files

packages:
- completed:
    hackage: apecs-0.9.4@sha256:420db110f222790fe592b4bc720ca33eda5b4f5b488c309a8bba5ad06242796e,2090
    pantry-tree:
      size: 1124
      sha256: d6b2232ee0d639626c62a3fbd9794cca7ccbb5190725dace4fc6e08224f8f003
  original:
    hackage: apecs-0.9.4
- completed:
    hackage: linear-1.21.8@sha256:fef60e9e7f485d01e3374f9fa6ac5b59be8c5cdc90e5b6e88683b5a4537651f7,3950
    pantry-tree:
      size: 2040
      sha256: 3535296d47fefbf55040d769338587ba5378bdc01cb56f38698d84683c2cfe2d
  original:
    hackage: linear-1.21.8
- completed:
    hackage: JuicyPixels-repa-0.7.1.0@sha256:ffbebd96efbf6af83eb14ee9c89259acf5a9a7d504644f2a35577bd66406ae69,898
    pantry-tree:
      size: 222
      sha256: 951d640678453f8e41fa6aac78eed1fea260d71152abfcd1b7e8c2fe936d2581
  original:
    hackage: JuicyPixels-repa-0.7.1.0
- completed:
    hackage: htiled-0.1.4.0@sha256:df4810df8559bf9d74fb7cdfd894380837be25c8bee831027fd30bd2cabb9b81,990
    pantry-tree:
      size: 334
      sha256: eccdb4f03d186f6cd25770fc4bfefd4652c08b49ab9bde6803da694e8ed32bd1
  original:
    hackage: htiled-0.1.4.0
- completed:
    hackage: containers-0.5.11.0@sha256:1af9da3baaddc4f4aaea016b07d4c38ddbf702ce3f0df31120531950837996b8,17308
    pantry-tree:
      size: 4849
      sha256: febf797e5b9c013e0390cffbec266b46c68de56cd3745df6ee45d4bcff1e7cb2
  original:
    hackage: containers-0.5.11.0
- completed:
    hackage: parsec-3.1.15.0@sha256:a162d4cc8884014ba35192545cad293af0529fe11497aad8834bbaaa3dfffc26,4429
    pantry-tree:
      size: 2630
      sha256: cbddc1e3c5ada6925354850cc0a8fadcd8643689098a504a0ed25ef9e0b932b8
  original:
    hackage: parsec-3.1.15.0
- completed:
    hackage: text-1.2.5.0@sha256:791f0f6c97ed96113f17ab520cf0efe1a3a4f883a8c85910a5660567c8241c40,7895
    pantry-tree:
      size: 7395
      sha256: f41504ec5c04a3f3358ef104362f02fdef29cbce4e5e4e6dbd6b6db70c40d4bf
  original:
    hackage: text-1.2.5.0
- completed:
    hackage: Cabal-3.2.1.0@sha256:8743076ec022296f9771d962000c9ca3a0fe02e68c37b992c63e382a675f791d,27482
    pantry-tree:
      size: 41224
      sha256: 92682a2aab8d967de341acff88525376eb9a31f53f094e0878c51c2886564f3a
  original:
    hackage: Cabal-3.2.1.0
- completed:
    hackage: binary-0.8.8.0@sha256:505b80fef6cbff8418313cabd1856e230be12e1e145bf3f3cf740a410b0807b4,6279
    pantry-tree:
      size: 1976
      sha256: 428c608cb6e7ee0da0c6d05c921dd49945800f1a235d2e2a04e217aa457c4ab9
  original:
    hackage: binary-0.8.8.0@sha256:505b80fef6cbff8418313cabd1856e230be12e1e145bf3f3cf740a410b0807b4,6279
- completed:
    hackage: repa-3.4.1.5@sha256:4d94845e66d668345130f75f5de8f7c69139b91495c8c4b5a825014e8985e2fd,3562
    pantry-tree:
      size: 2965
      sha256: 1bb5ad1decd581b0d44b0e05cbdef5eb7967cdd80da481a06c3aab73e16087b9
  original:
    hackage: repa-3.4.1.5@sha256:4d94845e66d668345130f75f5de8f7c69139b91495c8c4b5a825014e8985e2fd,3562
snapshots:
- completed:
    size: 587126
    url: https://raw.githubusercontent.com/commercialhaskell/stackage-snapshots/master/lts/18/8.yaml
    sha256: 93a107557e8691ed5ca17beaee41e68222b142c48868fc8c04a4181fb233477d
  original: lts-18.8
