# This file was autogenerated by Stack.
# You should not edit this file by hand.
# For more information, please see the documentation at:
#   https://docs.haskellstack.org/en/stable/lock_files

packages:
- completed:
    hackage: apecs-0.9.4@sha256:420db110f222790fe592b4bc720ca33eda5b4f5b488c309a8bba5ad06242796e,2090
    pantry-tree:
      size: 1124
      sha256: d6b2232ee0d639626c62a3fbd9794cca7ccbb5190725dace4fc6e08224f8f003
  original:
    hackage: apecs-0.9.4
- completed:
    hackage: linear-1.21.8@sha256:fef60e9e7f485d01e3374f9fa6ac5b59be8c5cdc90e5b6e88683b5a4537651f7,3950
    pantry-tree:
      size: 2040
      sha256: 3535296d47fefbf55040d769338587ba5378bdc01cb56f38698d84683c2cfe2d
  original:
    hackage: linear-1.21.8
snapshots:
- completed:
    size: 618683
    url: https://raw.githubusercontent.com/commercialhaskell/stackage-snapshots/master/lts/19/4.yaml
    sha256: d4ee004c46ba878d2f304f5d748d493057be579192a8d148527f3ba55c9df57f
  original: lts-19.4
